
Microsoft Visual Studio Solution File, Format Version 12.00
# Visual Studio Version 17
VisualStudioVersion = 17.5.33502.453
MinimumVisualStudioVersion = 10.0.40219.1
Project("{FAE04EC0-301F-11D3-BF4B-00C04F79EFBC}") = "APIWeb", "APIWeb\APIWeb.csproj", "{C5020BC4-8755-4B22-8412-8C8A0D92FBFA}"
EndProject
Global
	GlobalSection(SolutionConfigurationPlatforms) = preSolution
		Debug|Any CPU = Debug|Any CPU
		Release|Any CPU = Release|Any CPU
	EndGlobalSection
	GlobalSection(ProjectConfigurationPlatforms) = postSolution
		{C5020BC4-8755-4B22-8412-8C8A0D92FBFA}.Debug|Any CPU.ActiveCfg = Debug|Any CPU
		{C5020BC4-8755-4B22-8412-8C8A0D92FBFA}.Debug|Any CPU.Build.0 = Debug|Any CPU
		{C5020BC4-8755-4B22-8412-8C8A0D92FBFA}.Release|Any CPU.ActiveCfg = Release|Any CPU
		{C5020BC4-8755-4B22-8412-8C8A0D92FBFA}.Release|Any CPU.Build.0 = Release|Any CPU
	EndGlobalSection
	GlobalSection(SolutionProperties) = preSolution
		HideSolutionNode = FALSE
	EndGlobalSection
	GlobalSection(ExtensibilityGlobals) = postSolution
		SolutionGuid = {736BEBF7-18D5-4B27-B7F2-758819A8AFFD}
	EndGlobalSection
EndGlobal
